
Microsoft Visual Studio Solution File, Format Version 12.00
# Visual Studio Version 17
VisualStudioVersion = 17.14.36221.1
MinimumVisualStudioVersion = 10.0.40219.1
Project("{2150E333-8FDC-42A3-9474-1A3956D46DE8}") = "src", "src", "{02EA681E-C7D8-13C7-8484-4AC65E1B71E8}"
EndProject
Project("{FAE04EC0-301F-11D3-BF4B-00C04F79EFBC}") = "VeradelAddin.Domain", "src\VeradelAddin.Domain\VeradelAddin.Domain.csproj", "{DA21C2D6-6C9D-561D-F0C7-CABDA972BFFC}"
EndProject
Project("{FAE04EC0-301F-11D3-BF4B-00C04F79EFBC}") = "VeradelAddin.Infrastructure", "src\VeradelAddin.Infrastructure\VeradelAddin.Infrastructure.csproj", "{7B90CCE0-EAEC-4C46-8D0F-542EE25140FB}"
EndProject
Project("{FAE04EC0-301F-11D3-BF4B-00C04F79EFBC}") = "VeradelAddin.Presentation", "src\VeradelAddin.Presentation\VeradelAddin.Presentation.csproj", "{8D4BD1DC-C620-4663-A7DA-CA3CC7883B95}"
	ProjectSection(ProjectDependencies) = postProject
		{572438FA-3E72-216A-4AA5-6EB7A137698F} = {572438FA-3E72-216A-4AA5-6EB7A137698F}
		{7B90CCE0-EAEC-4C46-8D0F-542EE25140FB} = {7B90CCE0-EAEC-4C46-8D0F-542EE25140FB}
		{DA21C2D6-6C9D-561D-F0C7-CABDA972BFFC} = {DA21C2D6-6C9D-561D-F0C7-CABDA972BFFC}
	EndProjectSection
EndProject
Project("{FAE04EC0-301F-11D3-BF4B-00C04F79EFBC}") = "VeradelAddin.Application", "src\VeradelAddin.Application\VeradelAddin.Application.csproj", "{572438FA-3E72-216A-4AA5-6EB7A137698F}"
EndProject
Global
	GlobalSection(SolutionConfigurationPlatforms) = preSolution
		Debug|Any CPU = Debug|Any CPU
		Debug|x64 = Debug|x64
		Release|Any CPU = Release|Any CPU
		Release|x64 = Release|x64
	EndGlobalSection
	GlobalSection(ProjectConfigurationPlatforms) = postSolution
		{DA21C2D6-6C9D-561D-F0C7-CABDA972BFFC}.Debug|Any CPU.ActiveCfg = Debug|x64
		{DA21C2D6-6C9D-561D-F0C7-CABDA972BFFC}.Debug|x64.ActiveCfg = Debug|x64
		{DA21C2D6-6C9D-561D-F0C7-CABDA972BFFC}.Debug|x64.Build.0 = Debug|x64
		{DA21C2D6-6C9D-561D-F0C7-CABDA972BFFC}.Release|Any CPU.ActiveCfg = Release|x64
		{DA21C2D6-6C9D-561D-F0C7-CABDA972BFFC}.Release|x64.ActiveCfg = Release|x64
		{DA21C2D6-6C9D-561D-F0C7-CABDA972BFFC}.Release|x64.Build.0 = Release|x64
		{7B90CCE0-EAEC-4C46-8D0F-542EE25140FB}.Debug|Any CPU.ActiveCfg = Debug|x64
		{7B90CCE0-EAEC-4C46-8D0F-542EE25140FB}.Debug|Any CPU.Build.0 = Debug|x64
		{7B90CCE0-EAEC-4C46-8D0F-542EE25140FB}.Debug|x64.ActiveCfg = Debug|x64
		{7B90CCE0-EAEC-4C46-8D0F-542EE25140FB}.Debug|x64.Build.0 = Debug|x64
		{7B90CCE0-EAEC-4C46-8D0F-542EE25140FB}.Release|Any CPU.ActiveCfg = Release|x64
		{7B90CCE0-EAEC-4C46-8D0F-542EE25140FB}.Release|x64.ActiveCfg = Release|x64
		{7B90CCE0-EAEC-4C46-8D0F-542EE25140FB}.Release|x64.Build.0 = Release|x64
		{8D4BD1DC-C620-4663-A7DA-CA3CC7883B95}.Debug|Any CPU.ActiveCfg = Debug|x64
		{8D4BD1DC-C620-4663-A7DA-CA3CC7883B95}.Debug|Any CPU.Build.0 = Debug|x64
		{8D4BD1DC-C620-4663-A7DA-CA3CC7883B95}.Debug|x64.ActiveCfg = Debug|x64
		{8D4BD1DC-C620-4663-A7DA-CA3CC7883B95}.Debug|x64.Build.0 = Debug|x64
		{8D4BD1DC-C620-4663-A7DA-CA3CC7883B95}.Release|Any CPU.ActiveCfg = Release|x64
		{8D4BD1DC-C620-4663-A7DA-CA3CC7883B95}.Release|x64.ActiveCfg = Release|x64
		{8D4BD1DC-C620-4663-A7DA-CA3CC7883B95}.Release|x64.Build.0 = Release|x64
		{572438FA-3E72-216A-4AA5-6EB7A137698F}.Debug|Any CPU.ActiveCfg = Debug|x64
		{572438FA-3E72-216A-4AA5-6EB7A137698F}.Debug|Any CPU.Build.0 = Debug|x64
		{572438FA-3E72-216A-4AA5-6EB7A137698F}.Debug|x64.ActiveCfg = Debug|x64
		{572438FA-3E72-216A-4AA5-6EB7A137698F}.Debug|x64.Build.0 = Debug|x64
		{572438FA-3E72-216A-4AA5-6EB7A137698F}.Release|Any CPU.ActiveCfg = Release|x64
		{572438FA-3E72-216A-4AA5-6EB7A137698F}.Release|Any CPU.Build.0 = Release|x64
		{572438FA-3E72-216A-4AA5-6EB7A137698F}.Release|x64.ActiveCfg = Release|x64
		{572438FA-3E72-216A-4AA5-6EB7A137698F}.Release|x64.Build.0 = Release|x64
	EndGlobalSection
	GlobalSection(SolutionProperties) = preSolution
		HideSolutionNode = FALSE
	EndGlobalSection
	GlobalSection(NestedProjects) = preSolution
		{DA21C2D6-6C9D-561D-F0C7-CABDA972BFFC} = {02EA681E-C7D8-13C7-8484-4AC65E1B71E8}
		{7B90CCE0-EAEC-4C46-8D0F-542EE25140FB} = {02EA681E-C7D8-13C7-8484-4AC65E1B71E8}
		{8D4BD1DC-C620-4663-A7DA-CA3CC7883B95} = {02EA681E-C7D8-13C7-8484-4AC65E1B71E8}
		{572438FA-3E72-216A-4AA5-6EB7A137698F} = {02EA681E-C7D8-13C7-8484-4AC65E1B71E8}
	EndGlobalSection
	GlobalSection(ExtensibilityGlobals) = postSolution
		SolutionGuid = {9A08BCD7-B07F-4AA7-AC36-1DA3D5ABFD28}
	EndGlobalSection
EndGlobal
